{
  "version": 4,
  "terraform_version": "0.14.2",
  "serial": 176,
  "lineage": "92002934-2e83-0ef0-3c0f-65ce8fbe5688",
  "outputs": {
    "avset_id": {
      "value": {
        "k8s-AVset01": "/subscriptions/9c630913-4954-47b2-bc89-b71d9598a101/resourceGroups/test-k8s/providers/Microsoft.Compute/availabilitySets/k8s-AVset01"
      },
      "type": [
        "object",
        {
          "k8s-AVset01": "string"
        }
      ]
    },
    "nic_id": {
      "value": {
        "jenkins-nic": "/subscriptions/9c630913-4954-47b2-bc89-b71d9598a101/resourceGroups/test-k8s/providers/Microsoft.Network/networkInterfaces/jenkins-nic"
      },
      "type": [
        "object",
        {
          "jenkins-nic": "string"
        }
      ]
    },
    "nsg_id": {
      "value": {
        "k8s-NSG01": "/subscriptions/9c630913-4954-47b2-bc89-b71d9598a101/resourceGroups/test-k8s/providers/Microsoft.Network/networkSecurityGroups/k8s-NSG01"
      },
      "type": [
        "object",
        {
          "k8s-NSG01": "string"
        }
      ]
    },
    "nsg_subnet_set_info": {
      "value": [
        [
          "/subscriptions/9c630913-4954-47b2-bc89-b71d9598a101/resourceGroups/test-k8s/providers/Microsoft.Network/virtualNetworks/k8s-VNet01/subnets/k8s-Subnet01",
          "/subscriptions/9c630913-4954-47b2-bc89-b71d9598a101/resourceGroups/test-k8s/providers/Microsoft.Network/networkSecurityGroups/k8s-NSG01"
        ]
      ],
      "type": [
        "tuple",
        [
          [
            "tuple",
            [
              "string",
              "string"
            ]
          ]
        ]
      ]
    },
    "pip_id": {
      "value": {
        "hh-jenkins-pip": "/subscriptions/9c630913-4954-47b2-bc89-b71d9598a101/resourceGroups/test-k8s/providers/Microsoft.Network/publicIPAddresses/hh-jenkins-pip"
      },
      "type": [
        "object",
        {
          "hh-jenkins-pip": "string"
        }
      ]
    },
    "resource_group_id": {
      "value": "/subscriptions/9c630913-4954-47b2-bc89-b71d9598a101/resourceGroups/test-k8s",
      "type": "string"
    },
    "resource_group_location": {
      "value": "koreacentral",
      "type": "string"
    },
    "resource_group_name": {
      "value": "test-k8s",
      "type": "string"
    },
    "storage_file_share_name": {
      "value": "k8stestfile",
      "type": "string"
    },
    "storage_id": {
      "value": {
        "k8steststor": "/subscriptions/9c630913-4954-47b2-bc89-b71d9598a101/resourceGroups/test-k8s/providers/Microsoft.Storage/storageAccounts/k8steststor"
      },
      "type": [
        "object",
        {
          "k8steststor": "string"
        }
      ]
    },
    "storage_name": {
      "value": "k8steststor",
      "type": "string"
    },
    "subnet_id": {
      "value": {
        "k8s-Subnet01": "/subscriptions/9c630913-4954-47b2-bc89-b71d9598a101/resourceGroups/test-k8s/providers/Microsoft.Network/virtualNetworks/k8s-VNet01/subnets/k8s-Subnet01"
      },
      "type": [
        "object",
        {
          "k8s-Subnet01": "string"
        }
      ]
    },
    "vnet_name": {
      "value": "k8s-VNet01",
      "type": "string"
    }
  },
  "resources": [
    {
      "module": "module.avset",
      "mode": "managed",
      "type": "azurerm_availability_set",
      "name": "tfmodule",
      "provider": "provider[\"registry.terraform.io/hashicorp/azurerm\"]",
      "instances": [
        {
          "index_key": 0,
          "schema_version": 0,
          "attributes": {
            "id": "/subscriptions/9c630913-4954-47b2-bc89-b71d9598a101/resourceGroups/test-k8s/providers/Microsoft.Compute/availabilitySets/k8s-AVset01",
            "location": "koreacentral",
            "managed": true,
            "name": "k8s-AVset01",
            "platform_fault_domain_count": 2,
            "platform_update_domain_count": 5,
            "proximity_placement_group_id": null,
            "resource_group_name": "test-k8s",
            "tags": null,
            "timeouts": null
          },
          "sensitive_attributes": [],
          "private": "eyJlMmJmYjczMC1lY2FhLTExZTYtOGY4OC0zNDM2M2JjN2M0YzAiOnsiY3JlYXRlIjoxODAwMDAwMDAwMDAwLCJkZWxldGUiOjE4MDAwMDAwMDAwMDAsInJlYWQiOjMwMDAwMDAwMDAwMCwidXBkYXRlIjoxODAwMDAwMDAwMDAwfX0=",
          "dependencies": [
            "module.resource_group.azurerm_resource_group.tfmodule"
          ]
        }
      ]
    },
    {
      "module": "module.data_disk",
      "mode": "managed",
      "type": "azurerm_managed_disk",
      "name": "tfmodule",
      "provider": "provider[\"registry.terraform.io/hashicorp/azurerm\"]",
      "instances": [
        {
          "index_key": 0,
          "schema_version": 0,
          "attributes": {
            "create_option": "Empty",
            "disk_encryption_set_id": "",
            "disk_iops_read_write": 500,
            "disk_mbps_read_write": 60,
            "disk_size_gb": 32,
            "encryption_settings": [],
            "id": "/subscriptions/9c630913-4954-47b2-bc89-b71d9598a101/resourceGroups/test-k8s/providers/Microsoft.Compute/disks/jenkins-disk-data-0",
            "image_reference_id": "",
            "location": "koreacentral",
            "name": "jenkins-disk-data-0",
            "os_type": "",
            "resource_group_name": "test-k8s",
            "source_resource_id": "",
            "source_uri": "",
            "storage_account_id": "",
            "storage_account_type": "Standard_LRS",
            "tags": null,
            "timeouts": null,
            "zones": null
          },
          "sensitive_attributes": [],
          "private": "eyJlMmJmYjczMC1lY2FhLTExZTYtOGY4OC0zNDM2M2JjN2M0YzAiOnsiY3JlYXRlIjoxODAwMDAwMDAwMDAwLCJkZWxldGUiOjE4MDAwMDAwMDAwMDAsInJlYWQiOjMwMDAwMDAwMDAwMCwidXBkYXRlIjoxODAwMDAwMDAwMDAwfX0=",
          "dependencies": [
            "module.resource_group.azurerm_resource_group.tfmodule"
          ]
        }
      ]
    },
    {
      "module": "module.data_disk",
      "mode": "managed",
      "type": "azurerm_virtual_machine_data_disk_attachment",
      "name": "tfmodule",
      "provider": "provider[\"registry.terraform.io/hashicorp/azurerm\"]",
      "instances": [
        {
          "index_key": 0,
          "schema_version": 0,
          "attributes": {
            "caching": "ReadWrite",
            "create_option": "Attach",
            "id": "/subscriptions/9c630913-4954-47b2-bc89-b71d9598a101/resourceGroups/test-k8s/providers/Microsoft.Compute/virtualMachines/jenkins/dataDisks/jenkins-disk-data-0",
            "lun": 0,
            "managed_disk_id": "/subscriptions/9c630913-4954-47b2-bc89-b71d9598a101/resourceGroups/test-k8s/providers/Microsoft.Compute/disks/jenkins-disk-data-0",
            "timeouts": null,
            "virtual_machine_id": "/subscriptions/9c630913-4954-47b2-bc89-b71d9598a101/resourceGroups/test-k8s/providers/Microsoft.Compute/virtualMachines/jenkins",
            "write_accelerator_enabled": false
          },
          "sensitive_attributes": [],
          "private": "eyJlMmJmYjczMC1lY2FhLTExZTYtOGY4OC0zNDM2M2JjN2M0YzAiOnsiY3JlYXRlIjoxODAwMDAwMDAwMDAwLCJkZWxldGUiOjE4MDAwMDAwMDAwMDAsInJlYWQiOjMwMDAwMDAwMDAwMCwidXBkYXRlIjoxODAwMDAwMDAwMDAwfX0=",
          "dependencies": [
            "module.avset.azurerm_availability_set.tfmodule",
            "module.data_disk.azurerm_managed_disk.tfmodule",
            "module.nic.azurerm_network_interface.tfmodule",
            "module.pip.azurerm_public_ip.tfmodule",
            "module.resource_group.azurerm_resource_group.tfmodule",
            "module.vm.azurerm_virtual_machine.tfmodule",
            "module.vnet.azurerm_subnet.tfmodule",
            "module.vnet.azurerm_virtual_network.tfmodule"
          ]
        }
      ]
    },
    {
      "module": "module.nic",
      "mode": "managed",
      "type": "azurerm_network_interface",
      "name": "tfmodule",
      "provider": "provider[\"registry.terraform.io/hashicorp/azurerm\"]",
      "instances": [
        {
          "index_key": 0,
          "schema_version": 0,
          "attributes": {
            "applied_dns_servers": [],
            "dns_servers": [],
            "enable_accelerated_networking": false,
            "enable_ip_forwarding": false,
            "id": "/subscriptions/9c630913-4954-47b2-bc89-b71d9598a101/resourceGroups/test-k8s/providers/Microsoft.Network/networkInterfaces/jenkins-nic",
            "internal_dns_name_label": "",
            "internal_domain_name_suffix": "0ha55w30ieiepab05ojq2pa5hd.syx.internal.cloudapp.net",
            "ip_configuration": [
              {
                "name": "ipconfig1",
                "primary": true,
                "private_ip_address": "10.0.0.100",
                "private_ip_address_allocation": "Static",
                "private_ip_address_version": "IPv4",
                "public_ip_address_id": "/subscriptions/9c630913-4954-47b2-bc89-b71d9598a101/resourceGroups/test-k8s/providers/Microsoft.Network/publicIPAddresses/hh-jenkins-pip",
                "subnet_id": "/subscriptions/9c630913-4954-47b2-bc89-b71d9598a101/resourceGroups/test-k8s/providers/Microsoft.Network/virtualNetworks/k8s-VNet01/subnets/k8s-Subnet01"
              }
            ],
            "location": "koreacentral",
            "mac_address": "",
            "name": "jenkins-nic",
            "private_ip_address": "10.0.0.100",
            "private_ip_addresses": [
              "10.0.0.100"
            ],
            "resource_group_name": "test-k8s",
            "tags": null,
            "timeouts": null,
            "virtual_machine_id": ""
          },
          "sensitive_attributes": [],
          "private": "eyJlMmJmYjczMC1lY2FhLTExZTYtOGY4OC0zNDM2M2JjN2M0YzAiOnsiY3JlYXRlIjoxODAwMDAwMDAwMDAwLCJkZWxldGUiOjE4MDAwMDAwMDAwMDAsInJlYWQiOjMwMDAwMDAwMDAwMCwidXBkYXRlIjoxODAwMDAwMDAwMDAwfX0=",
          "dependencies": [
            "module.pip.azurerm_public_ip.tfmodule",
            "module.resource_group.azurerm_resource_group.tfmodule",
            "module.vnet.azurerm_subnet.tfmodule",
            "module.vnet.azurerm_virtual_network.tfmodule"
          ]
        }
      ]
    },
    {
      "module": "module.nsg",
      "mode": "managed",
      "type": "azurerm_network_security_group",
      "name": "tfmodule",
      "provider": "provider[\"registry.terraform.io/hashicorp/azurerm\"]",
      "instances": [
        {
          "index_key": 0,
          "schema_version": 0,
          "attributes": {
            "id": "/subscriptions/9c630913-4954-47b2-bc89-b71d9598a101/resourceGroups/test-k8s/providers/Microsoft.Network/networkSecurityGroups/k8s-NSG01",
            "location": "koreacentral",
            "name": "k8s-NSG01",
            "resource_group_name": "test-k8s",
            "security_rule": [],
            "tags": null,
            "timeouts": null
          },
          "sensitive_attributes": [],
          "private": "eyJlMmJmYjczMC1lY2FhLTExZTYtOGY4OC0zNDM2M2JjN2M0YzAiOnsiY3JlYXRlIjoxODAwMDAwMDAwMDAwLCJkZWxldGUiOjE4MDAwMDAwMDAwMDAsInJlYWQiOjMwMDAwMDAwMDAwMCwidXBkYXRlIjoxODAwMDAwMDAwMDAwfX0=",
          "dependencies": [
            "module.resource_group.azurerm_resource_group.tfmodule"
          ]
        }
      ]
    },
    {
      "module": "module.nsg",
      "mode": "managed",
      "type": "azurerm_network_security_rule",
      "name": "tfmodule",
      "provider": "provider[\"registry.terraform.io/hashicorp/azurerm\"]",
      "instances": [
        {
          "index_key": 0,
          "schema_version": 0,
          "attributes": {
            "access": "Allow",
            "description": "",
            "destination_address_prefix": "*",
            "destination_address_prefixes": null,
            "destination_application_security_group_ids": null,
            "destination_port_range": "22",
            "destination_port_ranges": null,
            "direction": "Inbound",
            "id": "/subscriptions/9c630913-4954-47b2-bc89-b71d9598a101/resourceGroups/test-k8s/providers/Microsoft.Network/networkSecurityGroups/k8s-NSG01/securityRules/port-tcp-22",
            "name": "port-tcp-22",
            "network_security_group_name": "k8s-NSG01",
            "priority": 100,
            "protocol": "tcp",
            "resource_group_name": "test-k8s",
            "source_address_prefix": "*",
            "source_address_prefixes": null,
            "source_application_security_group_ids": null,
            "source_port_range": "*",
            "source_port_ranges": null,
            "timeouts": null
          },
          "sensitive_attributes": [],
          "private": "eyJlMmJmYjczMC1lY2FhLTExZTYtOGY4OC0zNDM2M2JjN2M0YzAiOnsiY3JlYXRlIjoxODAwMDAwMDAwMDAwLCJkZWxldGUiOjE4MDAwMDAwMDAwMDAsInJlYWQiOjMwMDAwMDAwMDAwMCwidXBkYXRlIjoxODAwMDAwMDAwMDAwfX0=",
          "dependencies": [
            "module.nsg.azurerm_network_security_group.tfmodule",
            "module.resource_group.azurerm_resource_group.tfmodule"
          ]
        },
        {
          "index_key": 2,
          "schema_version": 0,
          "attributes": {
            "access": "Allow",
            "description": "",
            "destination_address_prefix": "*",
            "destination_address_prefixes": null,
            "destination_application_security_group_ids": null,
            "destination_port_range": "8080",
            "destination_port_ranges": null,
            "direction": "Inbound",
            "id": "/subscriptions/9c630913-4954-47b2-bc89-b71d9598a101/resourceGroups/test-k8s/providers/Microsoft.Network/networkSecurityGroups/k8s-NSG01/securityRules/8080-Jenkins",
            "name": "8080-Jenkins",
            "network_security_group_name": "k8s-NSG01",
            "priority": 110,
            "protocol": "tcp",
            "resource_group_name": "test-k8s",
            "source_address_prefix": "*",
            "source_address_prefixes": null,
            "source_application_security_group_ids": null,
            "source_port_range": "*",
            "source_port_ranges": null,
            "timeouts": null
          },
          "sensitive_attributes": [],
          "private": "eyJlMmJmYjczMC1lY2FhLTExZTYtOGY4OC0zNDM2M2JjN2M0YzAiOnsiY3JlYXRlIjoxODAwMDAwMDAwMDAwLCJkZWxldGUiOjE4MDAwMDAwMDAwMDAsInJlYWQiOjMwMDAwMDAwMDAwMCwidXBkYXRlIjoxODAwMDAwMDAwMDAwfX0=",
          "dependencies": [
            "module.nsg.azurerm_network_security_group.tfmodule",
            "module.resource_group.azurerm_resource_group.tfmodule"
          ]
        }
      ]
    },
    {
      "module": "module.nsg_subnet_set",
      "mode": "managed",
      "type": "azurerm_subnet_network_security_group_association",
      "name": "tfmodule",
      "provider": "provider[\"registry.terraform.io/hashicorp/azurerm\"]",
      "instances": [
        {
          "index_key": 0,
          "schema_version": 0,
          "attributes": {
            "id": "/subscriptions/9c630913-4954-47b2-bc89-b71d9598a101/resourceGroups/test-k8s/providers/Microsoft.Network/virtualNetworks/k8s-VNet01/subnets/k8s-Subnet01",
            "network_security_group_id": "/subscriptions/9c630913-4954-47b2-bc89-b71d9598a101/resourceGroups/test-k8s/providers/Microsoft.Network/networkSecurityGroups/k8s-NSG01",
            "subnet_id": "/subscriptions/9c630913-4954-47b2-bc89-b71d9598a101/resourceGroups/test-k8s/providers/Microsoft.Network/virtualNetworks/k8s-VNet01/subnets/k8s-Subnet01",
            "timeouts": null
          },
          "sensitive_attributes": [],
          "private": "eyJlMmJmYjczMC1lY2FhLTExZTYtOGY4OC0zNDM2M2JjN2M0YzAiOnsiY3JlYXRlIjoxODAwMDAwMDAwMDAwLCJkZWxldGUiOjE4MDAwMDAwMDAwMDAsInJlYWQiOjMwMDAwMDAwMDAwMCwidXBkYXRlIjoxODAwMDAwMDAwMDAwfX0=",
          "dependencies": [
            "module.nsg.azurerm_network_security_group.tfmodule",
            "module.resource_group.azurerm_resource_group.tfmodule",
            "module.vnet.azurerm_subnet.tfmodule",
            "module.vnet.azurerm_virtual_network.tfmodule"
          ]
        }
      ]
    },
    {
      "module": "module.pip",
      "mode": "managed",
      "type": "azurerm_public_ip",
      "name": "tfmodule",
      "provider": "provider[\"registry.terraform.io/hashicorp/azurerm\"]",
      "instances": [
        {
          "index_key": 0,
          "schema_version": 0,
          "attributes": {
            "allocation_method": "Static",
            "domain_name_label": "hh-jenkins-pip",
            "fqdn": "hh-jenkins-pip.koreacentral.cloudapp.azure.com",
            "id": "/subscriptions/9c630913-4954-47b2-bc89-b71d9598a101/resourceGroups/test-k8s/providers/Microsoft.Network/publicIPAddresses/hh-jenkins-pip",
            "idle_timeout_in_minutes": 4,
            "ip_address": "20.196.240.142",
            "ip_version": "IPv4",
            "location": "koreacentral",
            "name": "hh-jenkins-pip",
            "public_ip_prefix_id": null,
            "resource_group_name": "test-k8s",
            "reverse_fqdn": "",
            "sku": "Standard",
            "tags": null,
            "timeouts": null,
            "zones": null
          },
          "sensitive_attributes": [],
          "private": "eyJlMmJmYjczMC1lY2FhLTExZTYtOGY4OC0zNDM2M2JjN2M0YzAiOnsiY3JlYXRlIjoxODAwMDAwMDAwMDAwLCJkZWxldGUiOjE4MDAwMDAwMDAwMDAsInJlYWQiOjMwMDAwMDAwMDAwMCwidXBkYXRlIjoxODAwMDAwMDAwMDAwfX0=",
          "dependencies": [
            "module.resource_group.azurerm_resource_group.tfmodule"
          ]
        }
      ]
    },
    {
      "module": "module.resource_group",
      "mode": "managed",
      "type": "azurerm_resource_group",
      "name": "tfmodule",
      "provider": "provider[\"registry.terraform.io/hashicorp/azurerm\"]",
      "instances": [
        {
          "schema_version": 0,
          "attributes": {
            "id": "/subscriptions/9c630913-4954-47b2-bc89-b71d9598a101/resourceGroups/test-k8s",
            "location": "koreacentral",
            "name": "test-k8s",
            "tags": null,
            "timeouts": null
          },
          "sensitive_attributes": [],
          "private": "eyJlMmJmYjczMC1lY2FhLTExZTYtOGY4OC0zNDM2M2JjN2M0YzAiOnsiY3JlYXRlIjo1NDAwMDAwMDAwMDAwLCJkZWxldGUiOjU0MDAwMDAwMDAwMDAsInJlYWQiOjMwMDAwMDAwMDAwMCwidXBkYXRlIjo1NDAwMDAwMDAwMDAwfX0="
        }
      ]
    },
    {
      "module": "module.storage",
      "mode": "managed",
      "type": "azurerm_storage_account",
      "name": "tfmodule",
      "provider": "provider[\"registry.terraform.io/hashicorp/azurerm\"]",
      "instances": [
        {
          "index_key": 0,
          "schema_version": 2,
          "attributes": {
            "access_tier": "Hot",
            "account_kind": "StorageV2",
            "account_replication_type": "LRS",
            "account_tier": "Standard",
            "allow_blob_public_access": false,
            "blob_properties": [],
            "custom_domain": [],
            "enable_https_traffic_only": true,
            "id": "/subscriptions/9c630913-4954-47b2-bc89-b71d9598a101/resourceGroups/test-k8s/providers/Microsoft.Storage/storageAccounts/k8steststor",
            "identity": [],
            "is_hns_enabled": false,
            "large_file_share_enabled": null,
            "location": "koreacentral",
            "min_tls_version": "TLS1_0",
            "name": "k8steststor",
            "network_rules": [
              {
                "bypass": [
                  "AzureServices"
                ],
                "default_action": "Allow",
                "ip_rules": [],
                "virtual_network_subnet_ids": []
              }
            ],
            "primary_access_key": "8p+pvOB5oAlsF6l3GeWGVUDxUjcGOMzQQXCdPlQ59WZLdzJMj1/BDsZDYldm0G9NPQ/TCSOsTFaCNIAAdAF4Ow==",
            "primary_blob_connection_string": "DefaultEndpointsProtocol=https;BlobEndpoint=https://k8steststor.blob.core.windows.net/;AccountName=k8steststor;AccountKey=8p+pvOB5oAlsF6l3GeWGVUDxUjcGOMzQQXCdPlQ59WZLdzJMj1/BDsZDYldm0G9NPQ/TCSOsTFaCNIAAdAF4Ow==",
            "primary_blob_endpoint": "https://k8steststor.blob.core.windows.net/",
            "primary_blob_host": "k8steststor.blob.core.windows.net",
            "primary_connection_string": "DefaultEndpointsProtocol=https;AccountName=k8steststor;AccountKey=8p+pvOB5oAlsF6l3GeWGVUDxUjcGOMzQQXCdPlQ59WZLdzJMj1/BDsZDYldm0G9NPQ/TCSOsTFaCNIAAdAF4Ow==;EndpointSuffix=core.windows.net",
            "primary_dfs_endpoint": "https://k8steststor.dfs.core.windows.net/",
            "primary_dfs_host": "k8steststor.dfs.core.windows.net",
            "primary_file_endpoint": "https://k8steststor.file.core.windows.net/",
            "primary_file_host": "k8steststor.file.core.windows.net",
            "primary_location": "koreacentral",
            "primary_queue_endpoint": "https://k8steststor.queue.core.windows.net/",
            "primary_queue_host": "k8steststor.queue.core.windows.net",
            "primary_table_endpoint": "https://k8steststor.table.core.windows.net/",
            "primary_table_host": "k8steststor.table.core.windows.net",
            "primary_web_endpoint": "https://k8steststor.z12.web.core.windows.net/",
            "primary_web_host": "k8steststor.z12.web.core.windows.net",
            "queue_properties": [
              {
                "cors_rule": [],
                "hour_metrics": [
                  {
                    "enabled": true,
                    "include_apis": true,
                    "retention_policy_days": 7,
                    "version": "1.0"
                  }
                ],
                "logging": [
                  {
                    "delete": false,
                    "read": false,
                    "retention_policy_days": 0,
                    "version": "1.0",
                    "write": false
                  }
                ],
                "minute_metrics": [
                  {
                    "enabled": false,
                    "include_apis": false,
                    "retention_policy_days": 0,
                    "version": "1.0"
                  }
                ]
              }
            ],
            "resource_group_name": "test-k8s",
            "secondary_access_key": "Re8b399EKkHfDvyuHm3XGEkXooNrC8yHf2p5XoGqOkCeF9Zdtfo1g5qY077yn5IhJn3fMKFqObghROoT9u2u+Q==",
            "secondary_blob_connection_string": "",
            "secondary_blob_endpoint": null,
            "secondary_blob_host": null,
            "secondary_connection_string": "DefaultEndpointsProtocol=https;AccountName=k8steststor;AccountKey=Re8b399EKkHfDvyuHm3XGEkXooNrC8yHf2p5XoGqOkCeF9Zdtfo1g5qY077yn5IhJn3fMKFqObghROoT9u2u+Q==;EndpointSuffix=core.windows.net",
            "secondary_dfs_endpoint": null,
            "secondary_dfs_host": null,
            "secondary_file_endpoint": null,
            "secondary_file_host": null,
            "secondary_location": "",
            "secondary_queue_endpoint": null,
            "secondary_queue_host": null,
            "secondary_table_endpoint": null,
            "secondary_table_host": null,
            "secondary_web_endpoint": null,
            "secondary_web_host": null,
            "static_website": [],
            "tags": null,
            "timeouts": null
          },
          "sensitive_attributes": [],
          "private": "eyJlMmJmYjczMC1lY2FhLTExZTYtOGY4OC0zNDM2M2JjN2M0YzAiOnsiY3JlYXRlIjozNjAwMDAwMDAwMDAwLCJkZWxldGUiOjM2MDAwMDAwMDAwMDAsInJlYWQiOjMwMDAwMDAwMDAwMCwidXBkYXRlIjozNjAwMDAwMDAwMDAwfSwic2NoZW1hX3ZlcnNpb24iOiIyIn0=",
          "dependencies": [
            "module.resource_group.azurerm_resource_group.tfmodule"
          ]
        }
      ]
    },
    {
      "module": "module.storage",
      "mode": "managed",
      "type": "azurerm_storage_share",
      "name": "tfmodule",
      "provider": "provider[\"registry.terraform.io/hashicorp/azurerm\"]",
      "instances": [
        {
          "index_key": 0,
          "schema_version": 2,
          "attributes": {
            "acl": [],
            "id": "https://k8steststor.file.core.windows.net/k8stestfile",
            "metadata": {},
            "name": "k8stestfile",
            "quota": 50,
            "resource_manager_id": "/subscriptions/9c630913-4954-47b2-bc89-b71d9598a101/resourceGroups/test-k8s/providers/Microsoft.Storage/storageAccounts/k8steststor/fileServices/default/shares/k8stestfile",
            "storage_account_name": "k8steststor",
            "timeouts": null,
            "url": "https://k8steststor.file.core.windows.net/k8stestfile"
          },
          "sensitive_attributes": [],
          "private": "eyJlMmJmYjczMC1lY2FhLTExZTYtOGY4OC0zNDM2M2JjN2M0YzAiOnsiY3JlYXRlIjoxODAwMDAwMDAwMDAwLCJkZWxldGUiOjE4MDAwMDAwMDAwMDAsInJlYWQiOjMwMDAwMDAwMDAwMCwidXBkYXRlIjoxODAwMDAwMDAwMDAwfSwic2NoZW1hX3ZlcnNpb24iOiIyIn0=",
          "dependencies": [
            "module.resource_group.azurerm_resource_group.tfmodule",
            "module.storage.azurerm_storage_account.tfmodule"
          ]
        }
      ]
    },
    {
      "module": "module.vm",
      "mode": "managed",
      "type": "azurerm_virtual_machine",
      "name": "tfmodule",
      "provider": "provider[\"registry.terraform.io/hashicorp/azurerm\"]",
      "instances": [
        {
          "index_key": 0,
          "schema_version": 0,
          "attributes": {
            "additional_capabilities": [],
            "availability_set_id": null,
            "boot_diagnostics": [],
            "delete_data_disks_on_termination": false,
            "delete_os_disk_on_termination": true,
            "id": "/subscriptions/9c630913-4954-47b2-bc89-b71d9598a101/resourceGroups/test-k8s/providers/Microsoft.Compute/virtualMachines/jenkins",
            "identity": [],
            "license_type": null,
            "location": "koreacentral",
            "name": "jenkins",
            "network_interface_ids": [
              "/subscriptions/9c630913-4954-47b2-bc89-b71d9598a101/resourceGroups/test-k8s/providers/Microsoft.Network/networkInterfaces/jenkins-nic"
            ],
            "os_profile": [
              {
                "admin_password": "",
                "admin_username": "azureuser",
                "computer_name": "jenkins",
                "custom_data": ""
              }
            ],
            "os_profile_linux_config": [
              {
                "disable_password_authentication": false,
                "ssh_keys": []
              }
            ],
            "os_profile_secrets": [],
            "os_profile_windows_config": [],
            "plan": [],
            "primary_network_interface_id": "/subscriptions/9c630913-4954-47b2-bc89-b71d9598a101/resourceGroups/test-k8s/providers/Microsoft.Network/networkInterfaces/jenkins-nic",
            "proximity_placement_group_id": null,
            "resource_group_name": "test-k8s",
            "storage_data_disk": [],
            "storage_image_reference": [
              {
                "id": "",
                "offer": "UbuntuServer",
                "publisher": "Canonical",
                "sku": "18.04-LTS",
                "version": "latest"
              }
            ],
            "storage_os_disk": [
              {
                "caching": "ReadWrite",
                "create_option": "FromImage",
                "disk_size_gb": 32,
                "image_uri": "",
                "managed_disk_id": "/subscriptions/9c630913-4954-47b2-bc89-b71d9598a101/resourceGroups/test-k8s/providers/Microsoft.Compute/disks/jenkins-disk-os",
                "managed_disk_type": "Premium_LRS",
                "name": "jenkins-disk-os",
                "os_type": "Linux",
                "vhd_uri": "",
                "write_accelerator_enabled": false
              }
            ],
            "tags": {
              "CI": "CI"
            },
            "timeouts": null,
            "vm_size": "Standard_F2s",
            "zones": null
          },
          "sensitive_attributes": [],
          "private": "eyJlMmJmYjczMC1lY2FhLTExZTYtOGY4OC0zNDM2M2JjN2M0YzAiOnsiY3JlYXRlIjozNjAwMDAwMDAwMDAwLCJkZWxldGUiOjM2MDAwMDAwMDAwMDAsInJlYWQiOjMwMDAwMDAwMDAwMCwidXBkYXRlIjozNjAwMDAwMDAwMDAwfX0=",
          "dependencies": [
            "module.avset.azurerm_availability_set.tfmodule",
            "module.nic.azurerm_network_interface.tfmodule",
            "module.pip.azurerm_public_ip.tfmodule",
            "module.resource_group.azurerm_resource_group.tfmodule",
            "module.vnet.azurerm_subnet.tfmodule",
            "module.vnet.azurerm_virtual_network.tfmodule"
          ]
        }
      ]
    },
    {
      "module": "module.vnet",
      "mode": "managed",
      "type": "azurerm_subnet",
      "name": "tfmodule",
      "provider": "provider[\"registry.terraform.io/hashicorp/azurerm\"]",
      "instances": [
        {
          "index_key": 0,
          "schema_version": 0,
          "attributes": {
            "address_prefix": "10.0.0.0/16",
            "address_prefixes": [
              "10.0.0.0/16"
            ],
            "delegation": [],
            "enforce_private_link_endpoint_network_policies": false,
            "enforce_private_link_service_network_policies": false,
            "id": "/subscriptions/9c630913-4954-47b2-bc89-b71d9598a101/resourceGroups/test-k8s/providers/Microsoft.Network/virtualNetworks/k8s-VNet01/subnets/k8s-Subnet01",
            "name": "k8s-Subnet01",
            "resource_group_name": "test-k8s",
            "service_endpoints": null,
            "timeouts": null,
            "virtual_network_name": "k8s-VNet01"
          },
          "sensitive_attributes": [],
          "private": "eyJlMmJmYjczMC1lY2FhLTExZTYtOGY4OC0zNDM2M2JjN2M0YzAiOnsiY3JlYXRlIjoxODAwMDAwMDAwMDAwLCJkZWxldGUiOjE4MDAwMDAwMDAwMDAsInJlYWQiOjMwMDAwMDAwMDAwMCwidXBkYXRlIjoxODAwMDAwMDAwMDAwfX0=",
          "dependencies": [
            "module.resource_group.azurerm_resource_group.tfmodule",
            "module.vnet.azurerm_virtual_network.tfmodule"
          ]
        }
      ]
    },
    {
      "module": "module.vnet",
      "mode": "managed",
      "type": "azurerm_virtual_network",
      "name": "tfmodule",
      "provider": "provider[\"registry.terraform.io/hashicorp/azurerm\"]",
      "instances": [
        {
          "schema_version": 0,
          "attributes": {
            "address_space": [
              "10.0.0.0/8"
            ],
            "bgp_community": "",
            "ddos_protection_plan": [],
            "dns_servers": null,
            "guid": "dbffc1d1-41ba-4710-803a-fb930e3c1f3b",
            "id": "/subscriptions/9c630913-4954-47b2-bc89-b71d9598a101/resourceGroups/test-k8s/providers/Microsoft.Network/virtualNetworks/k8s-VNet01",
            "location": "koreacentral",
            "name": "k8s-VNet01",
            "resource_group_name": "test-k8s",
            "subnet": [],
            "tags": null,
            "timeouts": null,
            "vm_protection_enabled": false
          },
          "sensitive_attributes": [],
          "private": "eyJlMmJmYjczMC1lY2FhLTExZTYtOGY4OC0zNDM2M2JjN2M0YzAiOnsiY3JlYXRlIjoxODAwMDAwMDAwMDAwLCJkZWxldGUiOjE4MDAwMDAwMDAwMDAsInJlYWQiOjMwMDAwMDAwMDAwMCwidXBkYXRlIjoxODAwMDAwMDAwMDAwfX0=",
          "dependencies": [
            "module.resource_group.azurerm_resource_group.tfmodule"
          ]
        }
      ]
    }
  ]
}
